
Microsoft Visual Studio Solution File, Format Version 12.00
# Visual Studio Version 17
VisualStudioVersion = 17.3.32929.385
MinimumVisualStudioVersion = 10.0.40219.1
Project("{FAE04EC0-301F-11D3-BF4B-00C04F79EFBC}") = "codigo de barras", "codigo de barras.csproj", "{638F13DE-2D32-47A7-94CA-9224F33D3AC9}"
EndProject
Global
	GlobalSection(SolutionConfigurationPlatforms) = preSolution
		Debug|Any CPU = Debug|Any CPU
		Release|Any CPU = Release|Any CPU
	EndGlobalSection
	GlobalSection(ProjectConfigurationPlatforms) = postSolution
		{638F13DE-2D32-47A7-94CA-9224F33D3AC9}.Debug|Any CPU.ActiveCfg = Debug|Any CPU
		{638F13DE-2D32-47A7-94CA-9224F33D3AC9}.Debug|Any CPU.Build.0 = Debug|Any CPU
		{638F13DE-2D32-47A7-94CA-9224F33D3AC9}.Release|Any CPU.ActiveCfg = Release|Any CPU
		{638F13DE-2D32-47A7-94CA-9224F33D3AC9}.Release|Any CPU.Build.0 = Release|Any CPU
	EndGlobalSection
	GlobalSection(SolutionProperties) = preSolution
		HideSolutionNode = FALSE
	EndGlobalSection
	GlobalSection(ExtensibilityGlobals) = postSolution
		SolutionGuid = {0EA05C49-19B5-4747-9673-6BD449B99EC3}
	EndGlobalSection
EndGlobal
